
Microsoft Visual Studio Solution File, Format Version 12.00
# Visual Studio Version 17
VisualStudioVersion = 17.10.35122.118
MinimumVisualStudioVersion = 10.0.40219.1
Project("{FAE04EC0-301F-11D3-BF4B-00C04F79EFBC}") = "SantanderAssessment", "SantanderAssessment\SantanderAssessment.csproj", "{D82CC5EF-A062-4DDE-87CC-3262EF8164E4}"
EndProject
Project("{FAE04EC0-301F-11D3-BF4B-00C04F79EFBC}") = "SantanderAssessment.Tests", "SantanderAssessment.Tests\SantanderAssessment.Tests.csproj", "{A46108D8-BD1D-47C7-B1DE-E3BA032B60B2}"
EndProject
Global
	GlobalSection(SolutionConfigurationPlatforms) = preSolution
		Debug|Any CPU = Debug|Any CPU
		Release|Any CPU = Release|Any CPU
	EndGlobalSection
	GlobalSection(ProjectConfigurationPlatforms) = postSolution
		{D82CC5EF-A062-4DDE-87CC-3262EF8164E4}.Debug|Any CPU.ActiveCfg = Debug|Any CPU
		{D82CC5EF-A062-4DDE-87CC-3262EF8164E4}.Debug|Any CPU.Build.0 = Debug|Any CPU
		{D82CC5EF-A062-4DDE-87CC-3262EF8164E4}.Release|Any CPU.ActiveCfg = Release|Any CPU
		{D82CC5EF-A062-4DDE-87CC-3262EF8164E4}.Release|Any CPU.Build.0 = Release|Any CPU
		{A46108D8-BD1D-47C7-B1DE-E3BA032B60B2}.Debug|Any CPU.ActiveCfg = Debug|Any CPU
		{A46108D8-BD1D-47C7-B1DE-E3BA032B60B2}.Debug|Any CPU.Build.0 = Debug|Any CPU
		{A46108D8-BD1D-47C7-B1DE-E3BA032B60B2}.Release|Any CPU.ActiveCfg = Release|Any CPU
		{A46108D8-BD1D-47C7-B1DE-E3BA032B60B2}.Release|Any CPU.Build.0 = Release|Any CPU
	EndGlobalSection
	GlobalSection(SolutionProperties) = preSolution
		HideSolutionNode = FALSE
	EndGlobalSection
	GlobalSection(ExtensibilityGlobals) = postSolution
		SolutionGuid = {1C3A5F59-E23F-4460-BE6F-00E465D7652A}
	EndGlobalSection
EndGlobal
